
Microsoft Visual Studio Solution File, Format Version 12.00
# Visual Studio Version 17
VisualStudioVersion = 17.4.33205.214
MinimumVisualStudioVersion = 10.0.40219.1
Project("{9A19103F-16F7-4668-BE54-9A1E7A4F7556}") = "POS.API", "POS.API\POS.API.csproj", "{13B48318-D653-4F38-AF4C-41A50EC66526}"
EndProject
Project("{9A19103F-16F7-4668-BE54-9A1E7A4F7556}") = "POS.BL", "POS.BL\POS.BL.csproj", "{22C5A951-74EB-4564-BFEA-18620AF2624A}"
EndProject
Project("{9A19103F-16F7-4668-BE54-9A1E7A4F7556}") = "POS.DAL", "POS.DAL\POS.DAL.csproj", "{30F4C3A7-C305-4E7F-ABEB-99577CEECCA7}"
EndProject
Project("{2150E333-8FDC-42A3-9474-1A3956D46DE8}") = "01-Resources", "01-Resources", "{B372CB4E-260E-44C1-84E7-879338665F1A}"
EndProject
Project("{2150E333-8FDC-42A3-9474-1A3956D46DE8}") = "04-BL", "04-BL", "{D687779A-70B1-4225-91B5-207A3D31E359}"
EndProject
Project("{2150E333-8FDC-42A3-9474-1A3956D46DE8}") = "03-DAL", "03-DAL", "{BDF632F0-1411-4F57-89C2-ED4AACEFF5D4}"
EndProject
Project("{2150E333-8FDC-42A3-9474-1A3956D46DE8}") = "06-API", "06-API", "{D5EF3E98-7AAC-4931-89CA-38B0E5419041}"
EndProject
Project("{2150E333-8FDC-42A3-9474-1A3956D46DE8}") = "02-LogicHelper", "02-LogicHelper", "{445BBC67-3125-4438-AD7E-C4543DE486BC}"
EndProject
Project("{9A19103F-16F7-4668-BE54-9A1E7A4F7556}") = "LogicHelper", "LogicHelper\LogicHelper.csproj", "{2683ECCE-F0D7-459C-8F86-6E158009CD0B}"
EndProject
Project("{9A19103F-16F7-4668-BE54-9A1E7A4F7556}") = "Resources", "Resources\Resources.csproj", "{C5FBDD4B-E445-49BB-A201-00A2B08F876F}"
EndProject
Project("{2150E333-8FDC-42A3-9474-1A3956D46DE8}") = "05-MVC", "05-MVC", "{3E3600D5-C671-4203-89C1-0D8C008360D3}"
EndProject
Project("{FAE04EC0-301F-11D3-BF4B-00C04F79EFBC}") = "MVCCore", "MVCCore\MVCCore.csproj", "{242E97F7-A233-405A-A0A6-34B443D6AA3A}"
EndProject
Global
	GlobalSection(SolutionConfigurationPlatforms) = preSolution
		Debug|Any CPU = Debug|Any CPU
		Release|Any CPU = Release|Any CPU
	EndGlobalSection
	GlobalSection(ProjectConfigurationPlatforms) = postSolution
		{13B48318-D653-4F38-AF4C-41A50EC66526}.Debug|Any CPU.ActiveCfg = Debug|Any CPU
		{13B48318-D653-4F38-AF4C-41A50EC66526}.Debug|Any CPU.Build.0 = Debug|Any CPU
		{13B48318-D653-4F38-AF4C-41A50EC66526}.Release|Any CPU.ActiveCfg = Release|Any CPU
		{13B48318-D653-4F38-AF4C-41A50EC66526}.Release|Any CPU.Build.0 = Release|Any CPU
		{22C5A951-74EB-4564-BFEA-18620AF2624A}.Debug|Any CPU.ActiveCfg = Debug|Any CPU
		{22C5A951-74EB-4564-BFEA-18620AF2624A}.Debug|Any CPU.Build.0 = Debug|Any CPU
		{22C5A951-74EB-4564-BFEA-18620AF2624A}.Release|Any CPU.ActiveCfg = Release|Any CPU
		{22C5A951-74EB-4564-BFEA-18620AF2624A}.Release|Any CPU.Build.0 = Release|Any CPU
		{30F4C3A7-C305-4E7F-ABEB-99577CEECCA7}.Debug|Any CPU.ActiveCfg = Debug|Any CPU
		{30F4C3A7-C305-4E7F-ABEB-99577CEECCA7}.Debug|Any CPU.Build.0 = Debug|Any CPU
		{30F4C3A7-C305-4E7F-ABEB-99577CEECCA7}.Release|Any CPU.ActiveCfg = Release|Any CPU
		{30F4C3A7-C305-4E7F-ABEB-99577CEECCA7}.Release|Any CPU.Build.0 = Release|Any CPU
		{2683ECCE-F0D7-459C-8F86-6E158009CD0B}.Debug|Any CPU.ActiveCfg = Debug|Any CPU
		{2683ECCE-F0D7-459C-8F86-6E158009CD0B}.Debug|Any CPU.Build.0 = Debug|Any CPU
		{2683ECCE-F0D7-459C-8F86-6E158009CD0B}.Release|Any CPU.ActiveCfg = Release|Any CPU
		{2683ECCE-F0D7-459C-8F86-6E158009CD0B}.Release|Any CPU.Build.0 = Release|Any CPU
		{C5FBDD4B-E445-49BB-A201-00A2B08F876F}.Debug|Any CPU.ActiveCfg = Debug|Any CPU
		{C5FBDD4B-E445-49BB-A201-00A2B08F876F}.Debug|Any CPU.Build.0 = Debug|Any CPU
		{C5FBDD4B-E445-49BB-A201-00A2B08F876F}.Release|Any CPU.ActiveCfg = Release|Any CPU
		{C5FBDD4B-E445-49BB-A201-00A2B08F876F}.Release|Any CPU.Build.0 = Release|Any CPU
		{242E97F7-A233-405A-A0A6-34B443D6AA3A}.Debug|Any CPU.ActiveCfg = Debug|Any CPU
		{242E97F7-A233-405A-A0A6-34B443D6AA3A}.Debug|Any CPU.Build.0 = Debug|Any CPU
		{242E97F7-A233-405A-A0A6-34B443D6AA3A}.Release|Any CPU.ActiveCfg = Release|Any CPU
		{242E97F7-A233-405A-A0A6-34B443D6AA3A}.Release|Any CPU.Build.0 = Release|Any CPU
	EndGlobalSection
	GlobalSection(SolutionProperties) = preSolution
		HideSolutionNode = FALSE
	EndGlobalSection
	GlobalSection(NestedProjects) = preSolution
		{13B48318-D653-4F38-AF4C-41A50EC66526} = {D5EF3E98-7AAC-4931-89CA-38B0E5419041}
		{22C5A951-74EB-4564-BFEA-18620AF2624A} = {D687779A-70B1-4225-91B5-207A3D31E359}
		{30F4C3A7-C305-4E7F-ABEB-99577CEECCA7} = {BDF632F0-1411-4F57-89C2-ED4AACEFF5D4}
		{2683ECCE-F0D7-459C-8F86-6E158009CD0B} = {445BBC67-3125-4438-AD7E-C4543DE486BC}
		{C5FBDD4B-E445-49BB-A201-00A2B08F876F} = {B372CB4E-260E-44C1-84E7-879338665F1A}
		{242E97F7-A233-405A-A0A6-34B443D6AA3A} = {3E3600D5-C671-4203-89C1-0D8C008360D3}
	EndGlobalSection
	GlobalSection(ExtensibilityGlobals) = postSolution
		SolutionGuid = {11D93FDC-DF56-4AD6-A9C1-FA942366A233}
	EndGlobalSection
EndGlobal
